// !$*UTF8*$!
{
	archiveVersion = 1;
	classes = {
	};
	objectVersion = 46;
	objects = {

/* Begin PBXBuildFile section */
		04945DB81C449CBE00D8D66B /* Submarine.aiff in Resources */ = {isa = PBXBuildFile; fileRef = 04945DB71C449CBE00D8D66B /* Submarine.aiff */; };
		418AE8B51C449A60001BE90E /* AppDelegate.swift in Sources */ = {isa = PBXBuildFile; fileRef = 418AE8B41C449A60001BE90E /* AppDelegate.swift */; };
		418AE8B71C449A60001BE90E /* ViewController.swift in Sources */ = {isa = PBXBuildFile; fileRef = 418AE8B61C449A60001BE90E /* ViewController.swift */; };
		418AE8BA1C449A60001BE90E /* Main.storyboard in Resources */ = {isa = PBXBuildFile; fileRef = 418AE8B81C449A60001BE90E /* Main.storyboard */; };
		418AE8BC1C449A60001BE90E /* Assets.xcassets in Resources */ = {isa = PBXBuildFile; fileRef = 418AE8BB1C449A60001BE90E /* Assets.xcassets */; };
		418AE8BF1C449A60001BE90E /* LaunchScreen.storyboard in Resources */ = {isa = PBXBuildFile; fileRef = 418AE8BD1C449A60001BE90E /* LaunchScreen.storyboard */; };
/* End PBXBuildFile section */

/* Begin PBXFileReference section */
		04945DB71C449CBE00D8D66B /* Submarine.aiff */ = {isa = PBXFileReference; lastKnownFileType = audio.aiff; path = Submarine.aiff; sourceTree = "<group>"; };
		418AE8B11C449A60001BE90E /* Sound Example 1.app */ = {isa = PBXFileReference; explicitFileType = wrapper.application; includeInIndex = 0; path = "Sound Example 1.app"; sourceTree = BUILT_PRODUCTS_DIR; };
		418AE8B41C449A60001BE90E /* AppDelegate.swift */ = {isa = PBXFileReference; lastKnownFileType = sourcecode.swift; path = AppDelegate.swift; sourceTree = "<group>"; };
		418AE8B61C449A60001BE90E /* ViewController.swift */ = {isa = PBXFileReference; lastKnownFileType = sourcecode.swift; path = ViewController.swift; sourceTree = "<group>"; };
		418AE8B91C449A60001BE90E /* Base */ = {isa = PBXFileReference; lastKnownFileType = file.storyboard; name = Base; path = Base.lproj/Main.storyboard; sourceTree = "<group>"; };
		418AE8BB1C449A60001BE90E /* Assets.xcassets */ = {isa = PBXFileReference; lastKnownFileType = folder.assetcatalog; path = Assets.xcassets; sourceTree = "<group>"; };
		418AE8BE1C449A60001BE90E /* Base */ = {isa = PBXFileReference; lastKnownFileType = file.storyboard; name = Base; path = Base.lproj/LaunchScreen.storyboard; sourceTree = "<group>"; };
		418AE8C01C449A60001BE90E /* Info.plist */ = {isa = PBXFileReference; lastKnownFileType = text.plist.xml; path = Info.plist; sourceTree = "<group>"; };
/* End PBXFileReference section */

/* Begin PBXFrameworksBuildPhase section */
		418AE8AE1C449A60001BE90E /* Frameworks */ = {
			isa = PBXFrameworksBuildPhase;
			buildActionMask = 2147483647;
			files = (
			);
			runOnlyForDeploymentPostprocessing = 0;
		};
/* End PBXFrameworksBuildPhase section */

/* Begin PBXGroup section */
		418AE8A81C449A60001BE90E = {
			isa = PBXGroup;
			children = (
				04945DB71C449CBE00D8D66B /* Submarine.aiff */,
				418AE8B31C449A60001BE90E /* Sound Example 1 */,
				418AE8B21C449A60001BE90E /* Products */,
			);
			sourceTree = "<group>";
		};
		418AE8B21C449A60001BE90E /* Products */ = {
			isa = PBXGroup;
			children = (
				418AE8B11C449A60001BE90E /* Sound Example 1.app */,
			);
			name = Products;
			sourceTree = "<group>";
		};
		418AE8B31C449A60001BE90E /* Sound Example 1 */ = {
			isa = PBXGroup;
			children = (
				418AE8B41C449A60001BE90E /* AppDelegate.swift */,
				418AE8B61C449A60001BE90E /* ViewController.swift */,
				418AE8B81C449A60001BE90E /* Main.storyboard */,
				418AE8BB1C449A60001BE90E /* Assets.xcassets */,
				418AE8BD1C449A60001BE90E /* LaunchScreen.storyboard */,
				418AE8C01C449A60001BE90E /* Info.plist */,
			);
			path = "Sound Example 1";
			sourceTree = "<group>";
		};
/* End PBXGroup section */

/* Begin PBXNativeTarget section */
		418AE8B01C449A60001BE90E /* Sound Example 1 */ = {
			isa = PBXNativeTarget;
			buildConfigurationList = 418AE8C31C449A60001BE90E /* Build configuration list for PBXNativeTarget "Sound Example 1" */;
			buildPhases = (
				418AE8AD1C449A60001BE90E /* Sources */,
				418AE8AE1C449A60001BE90E /* Frameworks */,
				418AE8AF1C449A60001BE90E /* Resources */,
			);
			buildRules = (
			);
			dependencies = (
			);
			name = "Sound Example 1";
			productName = "Sound Example 1";
			productReference = 418AE8B11C449A60001BE90E /* Sound Example 1.app */;
			productType = "com.apple.product-type.application";
		};
/* End PBXNativeTarget section */

/* Begin PBXProject section */
		418AE8A91C449A60001BE90E /* Project object */ = {
			isa = PBXProject;
			attributes = {
				LastSwiftUpdateCheck = 0720;
				LastUpgradeCheck = 0720;
				ORGANIZATIONNAME = "Nivardo Ibarra";
				TargetAttributes = {
					418AE8B01C449A60001BE90E = {
						CreatedOnToolsVersion = 7.2;
						DevelopmentTeam = 3P6GBLK989;
					};
				};
			};
			buildConfigurationList = 418AE8AC1C449A60001BE90E /* Build configuration list for PBXProject "Sound Example 1" */;
			compatibilityVersion = "Xcode 3.2";
			developmentRegion = English;
			hasScannedForEncodings = 0;
			knownRegions = (
				en,
				Base,
			);
			mainGroup = 418AE8A81C449A60001BE90E;
			productRefGroup = 418AE8B21C449A60001BE90E /* Products */;
			projectDirPath = "";
			projectRoot = "";
			targets = (
				418AE8B01C449A60001BE90E /* Sound Example 1 */,
			);
		};
/* End PBXProject section */

/* Begin PBXResourcesBuildPhase section */
		418AE8AF1C449A60001BE90E /* Resources */ = {
			isa = PBXResourcesBuildPhase;
			buildActionMask = 2147483647;
			files = (
				04945DB81C449CBE00D8D66B /* Submarine.aiff in Resources */,
				418AE8BF1C449A60001BE90E /* LaunchScreen.storyboard in Resources */,
				418AE8BC1C449A60001BE90E /* Assets.xcassets in Resources */,
				418AE8BA1C449A60001BE90E /* Main.storyboard in Resources */,
			);
			runOnlyForDeploymentPostprocessing = 0;
		};
/* End PBXResourcesBuildPhase section */

/* Begin PBXSourcesBuildPhase section */
		418AE8AD1C449A60001BE90E /* Sources */ = {
			isa = PBXSourcesBuildPhase;
			buildActionMask = 2147483647;
			files = (
				418AE8B71C449A60001BE90E /* ViewController.swift in Sources */,
				418AE8B51C449A60001BE90E /* AppDelegate.swift in Sources */,
			);
			runOnlyForDeploymentPostprocessing = 0;
		};
/* End PBXSourcesBuildPhase section */

/* Begin PBXVariantGroup section */
		418AE8B81C449A60001BE90E /* Main.storyboard */ = {
			isa = PBXVariantGroup;
			children = (
				418AE8B91C449A60001BE90E /* Base */,
			);
			name = Main.storyboard;
			sourceTree = "<group>";
		};
		418AE8BD1C449A60001BE90E /* LaunchScreen.storyboard */ = {
			isa = PBXVariantGroup;
			children = (
				418AE8BE1C449A60001BE90E /* Base */,
			);
			name = LaunchScreen.storyboard;
			sourceTree = "<group>";
		};
/* End PBXVariantGroup section */

/* Begin XCBuildConfiguration section */
		418AE8C11C449A60001BE90E /* Debug */ = {
			isa = XCBuildConfiguration;
			buildSettings = {
				ALWAYS_SEARCH_USER_PATHS = NO;
				CLANG_CXX_LANGUAGE_STANDARD = "gnu++0x";
				CLANG_CXX_LIBRARY = "libc++";
				CLANG_ENABLE_MODULES = YES;
				CLANG_ENABLE_OBJC_ARC = YES;
				CLANG_WARN_BOOL_CONVERSION = YES;
				CLANG_WARN_CONSTANT_CONVERSION = YES;
				CLANG_WARN_DIRECT_OBJC_ISA_USAGE = YES_ERROR;
				CLANG_WARN_EMPTY_BODY = YES;
				CLANG_WARN_ENUM_CONVERSION = YES;
				CLANG_WARN_INT_CONVERSION = YES;
				CLANG_WARN_OBJC_ROOT_CLASS = YES_ERROR;
				CLANG_WARN_UNREACHABLE_CODE = YES;
				CLANG_WARN__DUPLICATE_METHOD_MATCH = YES;
				"CODE_SIGN_IDENTITY[sdk=iphoneos*]" = "iPhone Developer";
				COPY_PHASE_STRIP = NO;
				DEBUG_INFORMATION_FORMAT = dwarf;
				ENABLE_STRICT_OBJC_MSGSEND = YES;
				ENABLE_TESTABILITY = YES;
				GCC_C_LANGUAGE_STANDARD = gnu99;
				GCC_DYNAMIC_NO_PIC = NO;
				GCC_NO_COMMON_BLOCKS = YES;
				GCC_OPTIMIZATION_LEVEL = 0;
				GCC_PREPROCESSOR_DEFINITIONS = (
					"DEBUG=1",
					"$(inherited)",
				);
				GCC_WARN_64_TO_32_BIT_CONVERSION = YES;
				GCC_WARN_ABOUT_RETURN_TYPE = YES_ERROR;
				GCC_WARN_UNDECLARED_SELECTOR = YES;
				GCC_WARN_UNINITIALIZED_AUTOS = YES_AGGRESSIVE;
				GCC_WARN_UNUSED_FUNCTION = YES;
				GCC_WARN_UNUSED_VARIABLE = YES;
				IPHONEOS_DEPLOYMENT_TARGET = 9.2;
				MTL_ENABLE_DEBUG_INFO = YES;
				ONLY_ACTIVE_ARCH = YES;
				SDKROOT = iphoneos;
				SWIFT_OPTIMIZATION_LEVEL = "-Onone";
				TARGETED_DEVICE_FAMILY = "1,2";
			};
			name = Debug;
		};
		418AE8C21C449A60001BE90E /* Release */ = {
			isa = XCBuildConfiguration;
			buildSettings = {
				ALWAYS_SEARCH_USER_PATHS = NO;
				CLANG_CXX_LANGUAGE_STANDARD = "gnu++0x";
				CLANG_CXX_LIBRARY = "libc++";
				CLANG_ENABLE_MODULES = YES;
				CLANG_ENABLE_OBJC_ARC = YES;
				CLANG_WARN_BOOL_CONVERSION = YES;
				CLANG_WARN_CONSTANT_CONVERSION = YES;
				CLANG_WARN_DIRECT_OBJC_ISA_USAGE = YES_ERROR;
				CLANG_WARN_EMPTY_BODY = YES;
				CLANG_WARN_ENUM_CONVERSION = YES;
				CLANG_WARN_INT_CONVERSION = YES;
				CLANG_WARN_OBJC_ROOT_CLASS = YES_ERROR;
				CLANG_WARN_UNREACHABLE_CODE = YES;
				CLANG_WARN__DUPLICATE_METHOD_MATCH = YES;
				"CODE_SIGN_IDENTITY[sdk=iphoneos*]" = "iPhone Developer";
				COPY_PHASE_STRIP = NO;
				DEBUG_INFORMATION_FORMAT = "dwarf-with-dsym";
				ENABLE_NS_ASSERTIONS = NO;
				ENABLE_STRICT_OBJC_MSGSEND = YES;
				GCC_C_LANGUAGE_STANDARD = gnu99;
				GCC_NO_COMMON_BLOCKS = YES;
				GCC_WARN_64_TO_32_BIT_CONVERSION = YES;
				GCC_WARN_ABOUT_RETURN_TYPE = YES_ERROR;
				GCC_WARN_UNDECLARED_SELECTOR = YES;
				GCC_WARN_UNINITIALIZED_AUTOS = YES_AGGRESSIVE;
				GCC_WARN_UNUSED_FUNCTION = YES;
				GCC_WARN_UNUSED_VARIABLE = YES;
				IPHONEOS_DEPLOYMENT_TARGET = 9.2;
				MTL_ENABLE_DEBUG_INFO = NO;
				SDKROOT = iphoneos;
				TARGETED_DEVICE_FAMILY = "1,2";
				VALIDATE_PRODUCT = YES;
			};
			name = Release;
		};
		418AE8C41C449A60001BE90E /* Debug */ = {
			isa = XCBuildConfiguration;
			buildSettings = {
				ASSETCATALOG_COMPILER_APPICON_NAME = AppIcon;
				INFOPLIST_FILE = "Sound Example 1/Info.plist";
				LD_RUNPATH_SEARCH_PATHS = "$(inherited) @executable_path/Frameworks";
				PRODUCT_BUNDLE_IDENTIFIER = "ibarra.nivardo.nayeli.lopez.Sound-Example-1";
				PRODUCT_NAME = "$(TARGET_NAME)";
			};
			name = Debug;
		};
		418AE8C51C449A60001BE90E /* Release */ = {
			isa = XCBuildConfiguration;
			buildSettings = {
				ASSETCATALOG_COMPILER_APPICON_NAME = AppIcon;
				INFOPLIST_FILE = "Sound Example 1/Info.plist";
				LD_RUNPATH_SEARCH_PATHS = "$(inherited) @executable_path/Frameworks";
				PRODUCT_BUNDLE_IDENTIFIER = "ibarra.nivardo.nayeli.lopez.Sound-Example-1";
				PRODUCT_NAME = "$(TARGET_NAME)";
			};
			name = Release;
		};
/* End XCBuildConfiguration section */

/* Begin XCConfigurationList section */
		418AE8AC1C449A60001BE90E /* Build configuration list for PBXProject "Sound Example 1" */ = {
			isa = XCConfigurationList;
			buildConfigurations = (
				418AE8C11C449A60001BE90E /* Debug */,
				418AE8C21C449A60001BE90E /* Release */,
			);
			defaultConfigurationIsVisible = 0;
			defaultConfigurationName = Release;
		};
		418AE8C31C449A60001BE90E /* Build configuration list for PBXNativeTarget "Sound Example 1" */ = {
			isa = XCConfigurationList;
			buildConfigurations = (
				418AE8C41C449A60001BE90E /* Debug */,
				418AE8C51C449A60001BE90E /* Release */,
			);
			defaultConfigurationIsVisible = 0;
			defaultConfigurationName = Release;
		};
/* End XCConfigurationList section */
	};
	rootObject = 418AE8A91C449A60001BE90E /* Project object */;
}
